Microsoft Visual Studio Solution File, Format Version 12.00
# Visual Studio Version 16
VisualStudioVersion = 16.0.29920.165
MinimumVisualStudioVersion = 15.0.26124.0
Project("{FAE04EC0-301F-11D3-BF4B-00C04F79EFBC}") = "Creational", "Creational\Creational.csproj", "{2E84C054-F4AB-41C7-B3D0-508B44489C34}"
EndProject
Project("{FAE04EC0-301F-11D3-BF4B-00C04F79EFBC}") = "Structural", "Structural\Structural.csproj", "{AB32358A-AC7F-4DB5-9EFC-859B00301B66}"
EndProject
Project("{FAE04EC0-301F-11D3-BF4B-00C04F79EFBC}") = "Behavioral", "Behavioral\Behavioral.csproj", "{D4A07807-960F-4C79-AEE1-70A00E492789}"
EndProject
Global
	GlobalSection(SolutionConfigurationPlatforms) = preSolution
		Debug|Any CPU = Debug|Any CPU
		Debug|x64 = Debug|x64
		Debug|x86 = Debug|x86
		Release|Any CPU = Release|Any CPU
		Release|x64 = Release|x64
		Release|x86 = Release|x86
	EndGlobalSection
	GlobalSection(ProjectConfigurationPlatforms) = postSolution
		{2E84C054-F4AB-41C7-B3D0-508B44489C34}.Debug|Any CPU.ActiveCfg = Debug|Any CPU
		{2E84C054-F4AB-41C7-B3D0-508B44489C34}.Debug|Any CPU.Build.0 = Debug|Any CPU
		{2E84C054-F4AB-41C7-B3D0-508B44489C34}.Debug|x64.ActiveCfg = Debug|Any CPU
		{2E84C054-F4AB-41C7-B3D0-508B44489C34}.Debug|x64.Build.0 = Debug|Any CPU
		{2E84C054-F4AB-41C7-B3D0-508B44489C34}.Debug|x86.ActiveCfg = Debug|Any CPU
		{2E84C054-F4AB-41C7-B3D0-508B44489C34}.Debug|x86.Build.0 = Debug|Any CPU
		{2E84C054-F4AB-41C7-B3D0-508B44489C34}.Release|Any CPU.ActiveCfg = Release|Any CPU
		{2E84C054-F4AB-41C7-B3D0-508B44489C34}.Release|Any CPU.Build.0 = Release|Any CPU
		{2E84C054-F4AB-41C7-B3D0-508B44489C34}.Release|x64.ActiveCfg = Release|Any CPU
		{2E84C054-F4AB-41C7-B3D0-508B44489C34}.Release|x64.Build.0 = Release|Any CPU
		{2E84C054-F4AB-41C7-B3D0-508B44489C34}.Release|x86.ActiveCfg = Release|Any CPU
		{2E84C054-F4AB-41C7-B3D0-508B44489C34}.Release|x86.Build.0 = Release|Any CPU
		{AB32358A-AC7F-4DB5-9EFC-859B00301B66}.Debug|Any CPU.ActiveCfg = Debug|Any CPU
		{AB32358A-AC7F-4DB5-9EFC-859B00301B66}.Debug|Any CPU.Build.0 = Debug|Any CPU
		{AB32358A-AC7F-4DB5-9EFC-859B00301B66}.Debug|x64.ActiveCfg = Debug|Any CPU
		{AB32358A-AC7F-4DB5-9EFC-859B00301B66}.Debug|x64.Build.0 = Debug|Any CPU
		{AB32358A-AC7F-4DB5-9EFC-859B00301B66}.Debug|x86.ActiveCfg = Debug|Any CPU
		{AB32358A-AC7F-4DB5-9EFC-859B00301B66}.Debug|x86.Build.0 = Debug|Any CPU
		{AB32358A-AC7F-4DB5-9EFC-859B00301B66}.Release|Any CPU.ActiveCfg = Release|Any CPU
		{AB32358A-AC7F-4DB5-9EFC-859B00301B66}.Release|Any CPU.Build.0 = Release|Any CPU
		{AB32358A-AC7F-4DB5-9EFC-859B00301B66}.Release|x64.ActiveCfg = Release|Any CPU
		{AB32358A-AC7F-4DB5-9EFC-859B00301B66}.Release|x64.Build.0 = Release|Any CPU
		{AB32358A-AC7F-4DB5-9EFC-859B00301B66}.Release|x86.ActiveCfg = Release|Any CPU
		{AB32358A-AC7F-4DB5-9EFC-859B00301B66}.Release|x86.Build.0 = Release|Any CPU
		{D4A07807-960F-4C79-AEE1-70A00E492789}.Debug|Any CPU.ActiveCfg = Debug|Any CPU
		{D4A07807-960F-4C79-AEE1-70A00E492789}.Debug|Any CPU.Build.0 = Debug|Any CPU
		{D4A07807-960F-4C79-AEE1-70A00E492789}.Debug|x64.ActiveCfg = Debug|Any CPU
		{D4A07807-960F-4C79-AEE1-70A00E492789}.Debug|x64.Build.0 = Debug|Any CPU
		{D4A07807-960F-4C79-AEE1-70A00E492789}.Debug|x86.ActiveCfg = Debug|Any CPU
		{D4A07807-960F-4C79-AEE1-70A00E492789}.Debug|x86.Build.0 = Debug|Any CPU
		{D4A07807-960F-4C79-AEE1-70A00E492789}.Release|Any CPU.ActiveCfg = Release|Any CPU
		{D4A07807-960F-4C79-AEE1-70A00E492789}.Release|Any CPU.Build.0 = Release|Any CPU
		{D4A07807-960F-4C79-AEE1-70A00E492789}.Release|x64.ActiveCfg = Release|Any CPU
		{D4A07807-960F-4C79-AEE1-70A00E492789}.Release|x64.Build.0 = Release|Any CPU
		{D4A07807-960F-4C79-AEE1-70A00E492789}.Release|x86.ActiveCfg = Release|Any CPU
		{D4A07807-960F-4C79-AEE1-70A00E492789}.Release|x86.Build.0 = Release|Any CPU
	EndGlobalSection
	GlobalSection(SolutionProperties) = preSolution
		HideSolutionNode = FALSE
	EndGlobalSection
	GlobalSection(ExtensibilityGlobals) = postSolution
		SolutionGuid = {A3449832-9F8D-413F-8336-8EBEEB77353B}
	EndGlobalSection
EndGlobal
